
Microsoft Visual Studio Solution File, Format Version 12.00
# Visual Studio Version 16
VisualStudioVersion = 16.0.31313.79
MinimumVisualStudioVersion = 10.0.40219.1
Project("{FAE04EC0-301F-11D3-BF4B-00C04F79EFBC}") = "calcApp", "calcApp\calcApp.csproj", "{50415BFD-77C9-4120-823A-ACCBDECC45C8}"
EndProject
Project("{FAE04EC0-301F-11D3-BF4B-00C04F79EFBC}") = "TestLib", "TestLib\TestLib.csproj", "{74B29FE8-5107-4131-A900-3452C488F716}"
EndProject
Global
	GlobalSection(SolutionConfigurationPlatforms) = preSolution
		Debug|Any CPU = Debug|Any CPU
		Release|Any CPU = Release|Any CPU
	EndGlobalSection
	GlobalSection(ProjectConfigurationPlatforms) = postSolution
		{50415BFD-77C9-4120-823A-ACCBDECC45C8}.Debug|Any CPU.ActiveCfg = Debug|Any CPU
		{50415BFD-77C9-4120-823A-ACCBDECC45C8}.Debug|Any CPU.Build.0 = Debug|Any CPU
		{50415BFD-77C9-4120-823A-ACCBDECC45C8}.Debug|Any CPU.Deploy.0 = Debug|Any CPU
		{50415BFD-77C9-4120-823A-ACCBDECC45C8}.Release|Any CPU.ActiveCfg = Release|Any CPU
		{50415BFD-77C9-4120-823A-ACCBDECC45C8}.Release|Any CPU.Build.0 = Release|Any CPU
		{50415BFD-77C9-4120-823A-ACCBDECC45C8}.Release|Any CPU.Deploy.0 = Release|Any CPU
		{74B29FE8-5107-4131-A900-3452C488F716}.Debug|Any CPU.ActiveCfg = Debug|Any CPU
		{74B29FE8-5107-4131-A900-3452C488F716}.Debug|Any CPU.Build.0 = Debug|Any CPU
		{74B29FE8-5107-4131-A900-3452C488F716}.Release|Any CPU.ActiveCfg = Release|Any CPU
		{74B29FE8-5107-4131-A900-3452C488F716}.Release|Any CPU.Build.0 = Release|Any CPU
	EndGlobalSection
	GlobalSection(SolutionProperties) = preSolution
		HideSolutionNode = FALSE
	EndGlobalSection
	GlobalSection(ExtensibilityGlobals) = postSolution
		SolutionGuid = {B27D90F9-12BC-4621-8C08-C8097C46689E}
	EndGlobalSection
EndGlobal
